
Microsoft Visual Studio Solution File, Format Version 12.00
# Visual Studio Version 17
VisualStudioVersion = 17.9.34723.18
MinimumVisualStudioVersion = 10.0.40219.1
Project("{9A19103F-16F7-4668-BE54-9A1E7A4F7556}") = "C4Timer", "C4Timer.csproj", "{ABC03A0F-2111-47C4-BEA8-A5589DE99BA2}"
EndProject
Global
	GlobalSection(SolutionConfigurationPlatforms) = preSolution
		Debug|Any CPU = Debug|Any CPU
		Release|Any CPU = Release|Any CPU
	EndGlobalSection
	GlobalSection(ProjectConfigurationPlatforms) = postSolution
		{ABC03A0F-2111-47C4-BEA8-A5589DE99BA2}.Debug|Any CPU.ActiveCfg = Debug|Any CPU
		{ABC03A0F-2111-47C4-BEA8-A5589DE99BA2}.Debug|Any CPU.Build.0 = Debug|Any CPU
		{ABC03A0F-2111-47C4-BEA8-A5589DE99BA2}.Release|Any CPU.ActiveCfg = Release|Any CPU
		{ABC03A0F-2111-47C4-BEA8-A5589DE99BA2}.Release|Any CPU.Build.0 = Release|Any CPU
	EndGlobalSection
	GlobalSection(SolutionProperties) = preSolution
		HideSolutionNode = FALSE
	EndGlobalSection
	GlobalSection(ExtensibilityGlobals) = postSolution
		SolutionGuid = {4222F3D5-AEDF-4CA5-9400-FE0C8D6E16F4}
	EndGlobalSection
EndGlobal
